
Microsoft Visual Studio Solution File, Format Version 12.00
# Visual Studio Version 16
VisualStudioVersion = 16.0.31005.135
MinimumVisualStudioVersion = 10.0.40219.1
Project("{FAE04EC0-301F-11D3-BF4B-00C04F79EFBC}") = "HackerRankChallenge", "HackerRankChallenge\HackerRankChallenge.csproj", "{3B934073-CE58-49E7-AEB0-7239062BEB87}"
EndProject
Project("{FAE04EC0-301F-11D3-BF4B-00C04F79EFBC}") = "HackerRankChallenge.Tests.Unit", "HackerRankChallenge.Tests.Unit\HackerRankChallenge.Tests.Unit.csproj", "{3E63E7A6-8F7A-48EF-A016-3964DC62E84E}"
EndProject
Global
	GlobalSection(SolutionConfigurationPlatforms) = preSolution
		Debug|Any CPU = Debug|Any CPU
		Release|Any CPU = Release|Any CPU
	EndGlobalSection
	GlobalSection(ProjectConfigurationPlatforms) = postSolution
		{3B934073-CE58-49E7-AEB0-7239062BEB87}.Debug|Any CPU.ActiveCfg = Debug|Any CPU
		{3B934073-CE58-49E7-AEB0-7239062BEB87}.Debug|Any CPU.Build.0 = Debug|Any CPU
		{3B934073-CE58-49E7-AEB0-7239062BEB87}.Release|Any CPU.ActiveCfg = Release|Any CPU
		{3B934073-CE58-49E7-AEB0-7239062BEB87}.Release|Any CPU.Build.0 = Release|Any CPU
		{3E63E7A6-8F7A-48EF-A016-3964DC62E84E}.Debug|Any CPU.ActiveCfg = Debug|Any CPU
		{3E63E7A6-8F7A-48EF-A016-3964DC62E84E}.Debug|Any CPU.Build.0 = Debug|Any CPU
		{3E63E7A6-8F7A-48EF-A016-3964DC62E84E}.Release|Any CPU.ActiveCfg = Release|Any CPU
		{3E63E7A6-8F7A-48EF-A016-3964DC62E84E}.Release|Any CPU.Build.0 = Release|Any CPU
	EndGlobalSection
	GlobalSection(SolutionProperties) = preSolution
		HideSolutionNode = FALSE
	EndGlobalSection
	GlobalSection(ExtensibilityGlobals) = postSolution
		SolutionGuid = {CED18496-8D71-4F79-B1A9-D3422D83DF62}
	EndGlobalSection
EndGlobal
